Microsoft Visual Studio Solution File, Format Version 11.00
# Visual Studio 2008

Project("{6776A340-B2D0-E554-371D-162E44CD86A5}") = "Bingo Project2", "Assembly-CSharp.csproj", "{1F4DEE61-BE33-B5E5-F611-ED685DD7AFB1}"
EndProject
Global
	GlobalSection(SolutionConfigurationPlatforms) = preSolution
		Debug|Any CPU = Debug|Any CPU
		Release|Any CPU = Release|Any CPU
	EndGlobalSection
	GlobalSection(ProjectConfigurationPlatforms) = postSolution
		{1F4DEE61-BE33-B5E5-F611-ED685DD7AFB1}.Debug|Any CPU.ActiveCfg = Debug|Any CPU
		{1F4DEE61-BE33-B5E5-F611-ED685DD7AFB1}.Debug|Any CPU.Build.0 = Debug|Any CPU
		{1F4DEE61-BE33-B5E5-F611-ED685DD7AFB1}.Release|Any CPU.ActiveCfg = Release|Any CPU
		{1F4DEE61-BE33-B5E5-F611-ED685DD7AFB1}.Release|Any CPU.Build.0 = Release|Any CPU
	EndGlobalSection
	GlobalSection(SolutionProperties) = preSolution
		HideSolutionNode = FALSE
	EndGlobalSection
	GlobalSection(MonoDevelopProperties) = preSolution
		StartupItem = Assembly-CSharp.csproj
	EndGlobalSection
EndGlobal
